
Microsoft Visual Studio Solution File, Format Version 12.00
# Visual Studio Version 17
VisualStudioVersion = 17.3.32922.545
MinimumVisualStudioVersion = 10.0.40219.1
Project("{9A19103F-16F7-4668-BE54-9A1E7A4F7556}") = "rider_manager", "rider_manager.csproj", "{37A0F326-4200-47C7-B658-400C20E9BF29}"
EndProject
Global
	GlobalSection(SolutionConfigurationPlatforms) = preSolution
		Debug|Any CPU = Debug|Any CPU
		Release|Any CPU = Release|Any CPU
	EndGlobalSection
	GlobalSection(ProjectConfigurationPlatforms) = postSolution
		{37A0F326-4200-47C7-B658-400C20E9BF29}.Debug|Any CPU.ActiveCfg = Debug|Any CPU
		{37A0F326-4200-47C7-B658-400C20E9BF29}.Debug|Any CPU.Build.0 = Debug|Any CPU
		{37A0F326-4200-47C7-B658-400C20E9BF29}.Release|Any CPU.ActiveCfg = Release|Any CPU
		{37A0F326-4200-47C7-B658-400C20E9BF29}.Release|Any CPU.Build.0 = Release|Any CPU
	EndGlobalSection
	GlobalSection(SolutionProperties) = preSolution
		HideSolutionNode = FALSE
	EndGlobalSection
	GlobalSection(ExtensibilityGlobals) = postSolution
		SolutionGuid = {52F9E95C-5323-4E55-B318-1FDF812B403A}
	EndGlobalSection
EndGlobal
